
Microsoft Visual Studio Solution File, Format Version 12.00
# Visual Studio Version 17
VisualStudioVersion = 17.2.32505.173
MinimumVisualStudioVersion = 10.0.40219.1
Project("{FAE04EC0-301F-11D3-BF4B-00C04F79EFBC}") = "OrientTest", "OrientTest\OrientTest.csproj", "{3F43087C-DA45-41DA-B90D-CA5783E6352E}"
EndProject
Global
	GlobalSection(SolutionConfigurationPlatforms) = preSolution
		Debug|Any CPU = Debug|Any CPU
		Release|Any CPU = Release|Any CPU
	EndGlobalSection
	GlobalSection(ProjectConfigurationPlatforms) = postSolution
		{3F43087C-DA45-41DA-B90D-CA5783E6352E}.Debug|Any CPU.ActiveCfg = Debug|Any CPU
		{3F43087C-DA45-41DA-B90D-CA5783E6352E}.Debug|Any CPU.Build.0 = Debug|Any CPU
		{3F43087C-DA45-41DA-B90D-CA5783E6352E}.Release|Any CPU.ActiveCfg = Release|Any CPU
		{3F43087C-DA45-41DA-B90D-CA5783E6352E}.Release|Any CPU.Build.0 = Release|Any CPU
	EndGlobalSection
	GlobalSection(SolutionProperties) = preSolution
		HideSolutionNode = FALSE
	EndGlobalSection
	GlobalSection(ExtensibilityGlobals) = postSolution
		SolutionGuid = {B3A3E380-F17A-4342-8FE4-DDB960D3F5A2}
	EndGlobalSection
EndGlobal
